
Microsoft Visual Studio Solution File, Format Version 12.00
# Visual Studio Version 17
VisualStudioVersion = 17.5.2.0
MinimumVisualStudioVersion = 10.0.40219.1
Project("{FAE04EC0-301F-11D3-BF4B-00C04F79EFBC}") = "Bağlı liste", "Bağlı liste\Bağlı liste.csproj", "{33148329-7DB8-9A97-5104-59FEC2375FD0}"
EndProject
Global
	GlobalSection(SolutionConfigurationPlatforms) = preSolution
		Debug|Any CPU = Debug|Any CPU
		Release|Any CPU = Release|Any CPU
	EndGlobalSection
	GlobalSection(ProjectConfigurationPlatforms) = postSolution
		{33148329-7DB8-9A97-5104-59FEC2375FD0}.Debug|Any CPU.ActiveCfg = Debug|Any CPU
		{33148329-7DB8-9A97-5104-59FEC2375FD0}.Debug|Any CPU.Build.0 = Debug|Any CPU
		{33148329-7DB8-9A97-5104-59FEC2375FD0}.Release|Any CPU.ActiveCfg = Release|Any CPU
		{33148329-7DB8-9A97-5104-59FEC2375FD0}.Release|Any CPU.Build.0 = Release|Any CPU
	EndGlobalSection
	GlobalSection(SolutionProperties) = preSolution
		HideSolutionNode = FALSE
	EndGlobalSection
	GlobalSection(ExtensibilityGlobals) = postSolution
		SolutionGuid = {FEDBC78C-598C-4A21-A4F8-FD75D911DE39}
	EndGlobalSection
EndGlobal
