
Microsoft Visual Studio Solution File, Format Version 12.00
# Visual Studio Version 17
VisualStudioVersion = 17.5.2.0
MinimumVisualStudioVersion = 10.0.40219.1
Project("{FAE04EC0-301F-11D3-BF4B-00C04F79EFBC}") = "Bağlı liste", "Bağlı liste.csproj", "{8DC51FA6-E22F-81C0-172D-774C5E1EAE9B}"
EndProject
Global
	GlobalSection(SolutionConfigurationPlatforms) = preSolution
		Debug|Any CPU = Debug|Any CPU
		Release|Any CPU = Release|Any CPU
	EndGlobalSection
	GlobalSection(ProjectConfigurationPlatforms) = postSolution
		{8DC51FA6-E22F-81C0-172D-774C5E1EAE9B}.Debug|Any CPU.ActiveCfg = Debug|Any CPU
		{8DC51FA6-E22F-81C0-172D-774C5E1EAE9B}.Debug|Any CPU.Build.0 = Debug|Any CPU
		{8DC51FA6-E22F-81C0-172D-774C5E1EAE9B}.Release|Any CPU.ActiveCfg = Release|Any CPU
		{8DC51FA6-E22F-81C0-172D-774C5E1EAE9B}.Release|Any CPU.Build.0 = Release|Any CPU
	EndGlobalSection
	GlobalSection(SolutionProperties) = preSolution
		HideSolutionNode = FALSE
	EndGlobalSection
	GlobalSection(ExtensibilityGlobals) = postSolution
		SolutionGuid = {1863FE87-C02B-42B7-B5EB-2133D77B59E4}
	EndGlobalSection
EndGlobal
