
Microsoft Visual Studio Solution File, Format Version 12.00
# Visual Studio Version 17
VisualStudioVersion = 17.5.2.0
MinimumVisualStudioVersion = 10.0.40219.1
Project("{FAE04EC0-301F-11D3-BF4B-00C04F79EFBC}") = "stack yapısı", "stack yapısı\stack yapısı.csproj", "{4D08D6F2-F8B3-9576-F76E-63769CE0117D}"
EndProject
Project("{FAE04EC0-301F-11D3-BF4B-00C04F79EFBC}") = "tree yapısı ağaç üzerinde dolaşma", "..\tree yapısı ağaç üzerinde dolaşma\tree yapısı ağaç üzerinde dolaşma\tree yapısı ağaç üzerinde dolaşma.csproj", "{96B15DD6-1FE9-47E0-A63E-5734EFD51524}"
EndProject
Global
	GlobalSection(SolutionConfigurationPlatforms) = preSolution
		Debug|Any CPU = Debug|Any CPU
		Release|Any CPU = Release|Any CPU
	EndGlobalSection
	GlobalSection(ProjectConfigurationPlatforms) = postSolution
		{4D08D6F2-F8B3-9576-F76E-63769CE0117D}.Debug|Any CPU.ActiveCfg = Debug|Any CPU
		{4D08D6F2-F8B3-9576-F76E-63769CE0117D}.Debug|Any CPU.Build.0 = Debug|Any CPU
		{4D08D6F2-F8B3-9576-F76E-63769CE0117D}.Release|Any CPU.ActiveCfg = Release|Any CPU
		{4D08D6F2-F8B3-9576-F76E-63769CE0117D}.Release|Any CPU.Build.0 = Release|Any CPU
		{96B15DD6-1FE9-47E0-A63E-5734EFD51524}.Debug|Any CPU.ActiveCfg = Debug|Any CPU
		{96B15DD6-1FE9-47E0-A63E-5734EFD51524}.Debug|Any CPU.Build.0 = Debug|Any CPU
		{96B15DD6-1FE9-47E0-A63E-5734EFD51524}.Release|Any CPU.ActiveCfg = Release|Any CPU
		{96B15DD6-1FE9-47E0-A63E-5734EFD51524}.Release|Any CPU.Build.0 = Release|Any CPU
	EndGlobalSection
	GlobalSection(SolutionProperties) = preSolution
		HideSolutionNode = FALSE
	EndGlobalSection
	GlobalSection(ExtensibilityGlobals) = postSolution
		SolutionGuid = {74EC4C04-7B19-42A9-A58B-0B3CE3E92275}
	EndGlobalSection
EndGlobal
